
Microsoft Visual Studio Solution File, Format Version 12.00
# Visual Studio 15
VisualStudioVersion = 15.0.27004.2008
MinimumVisualStudioVersion = 10.0.40219.1
Project("{159641D6-6404-4A2A-AE62-294DE0FE8301}") = "access-importer", "access-importer\access-importer.dtproj", "{09D1F3D2-8F20-4796-89F2-7BE9D97E1CF9}"
EndProject
Global
	GlobalSection(SolutionConfigurationPlatforms) = preSolution
		Development|Default = Development|Default
	EndGlobalSection
	GlobalSection(ProjectConfigurationPlatforms) = postSolution
		{09D1F3D2-8F20-4796-89F2-7BE9D97E1CF9}.Development|Default.ActiveCfg = Development
		{09D1F3D2-8F20-4796-89F2-7BE9D97E1CF9}.Development|Default.Build.0 = Development
	EndGlobalSection
	GlobalSection(SolutionProperties) = preSolution
		HideSolutionNode = FALSE
	EndGlobalSection
	GlobalSection(ExtensibilityGlobals) = postSolution
		SolutionGuid = {9444A06E-53FA-4910-87E9-26022577A707}
	EndGlobalSection
EndGlobal
