
Microsoft Visual Studio Solution File, Format Version 12.00
# Visual Studio 15
VisualStudioVersion = 15.0.27004.2010
MinimumVisualStudioVersion = 10.0.40219.1
Project("{159641D6-6404-4A2A-AE62-294DE0FE8301}") = "access-importer", "access-importer\access-importer.dtproj", "{09D1F3D2-8F20-4796-89F2-7BE9D97E1CF9}"
EndProject
Project("{FAE04EC0-301F-11D3-BF4B-00C04F79EFBC}") = "microservices", "microservices\microservices.csproj", "{695159BA-FAFA-4950-AD1C-51091D46A1D3}"
EndProject
Project("{FAE04EC0-301F-11D3-BF4B-00C04F79EFBC}") = "microservices.Tests", "microservices.Tests\microservices.Tests.csproj", "{CEA5BE08-CC11-441F-B685-0D551B9F2D36}"
EndProject
Project("{00D1A9C2-B5F0-4AF3-8072-F6C62B433612}") = "biotope-db", "biotope-db\biotope-db.sqlproj", "{962BBBEC-B12E-485D-82EC-E6FE304A8CAC}"
EndProject
Project("{FAE04EC0-301F-11D3-BF4B-00C04F79EFBC}") = "website", "website\website.csproj", "{3534CA31-11BA-47DB-B8D5-D53D05349C45}"
EndProject
Project("{FAE04EC0-301F-11D3-BF4B-00C04F79EFBC}") = "MHC.Umbraco.Plugin", "MHC.Umbraco.Plugin\MHC.Umbraco.Plugin.csproj", "{B1816EB8-29A9-41A6-9A28-8BCAD90E7703}"
EndProject
Global
	GlobalSection(SolutionConfigurationPlatforms) = preSolution
		Debug|Any CPU = Debug|Any CPU
		Development|Any CPU = Development|Any CPU
		Release|Any CPU = Release|Any CPU
	EndGlobalSection
	GlobalSection(ProjectConfigurationPlatforms) = postSolution
		{09D1F3D2-8F20-4796-89F2-7BE9D97E1CF9}.Debug|Any CPU.ActiveCfg = Development
		{09D1F3D2-8F20-4796-89F2-7BE9D97E1CF9}.Debug|Any CPU.Build.0 = Development
		{09D1F3D2-8F20-4796-89F2-7BE9D97E1CF9}.Development|Any CPU.ActiveCfg = Development
		{09D1F3D2-8F20-4796-89F2-7BE9D97E1CF9}.Development|Any CPU.Build.0 = Development
		{09D1F3D2-8F20-4796-89F2-7BE9D97E1CF9}.Release|Any CPU.ActiveCfg = Development
		{09D1F3D2-8F20-4796-89F2-7BE9D97E1CF9}.Release|Any CPU.Build.0 = Development
		{695159BA-FAFA-4950-AD1C-51091D46A1D3}.Debug|Any CPU.ActiveCfg = Debug|Any CPU
		{695159BA-FAFA-4950-AD1C-51091D46A1D3}.Debug|Any CPU.Build.0 = Debug|Any CPU
		{695159BA-FAFA-4950-AD1C-51091D46A1D3}.Development|Any CPU.ActiveCfg = Debug|Any CPU
		{695159BA-FAFA-4950-AD1C-51091D46A1D3}.Development|Any CPU.Build.0 = Debug|Any CPU
		{695159BA-FAFA-4950-AD1C-51091D46A1D3}.Release|Any CPU.ActiveCfg = Release|Any CPU
		{695159BA-FAFA-4950-AD1C-51091D46A1D3}.Release|Any CPU.Build.0 = Release|Any CPU
		{CEA5BE08-CC11-441F-B685-0D551B9F2D36}.Debug|Any CPU.ActiveCfg = Debug|Any CPU
		{CEA5BE08-CC11-441F-B685-0D551B9F2D36}.Debug|Any CPU.Build.0 = Debug|Any CPU
		{CEA5BE08-CC11-441F-B685-0D551B9F2D36}.Development|Any CPU.ActiveCfg = Debug|Any CPU
		{CEA5BE08-CC11-441F-B685-0D551B9F2D36}.Development|Any CPU.Build.0 = Debug|Any CPU
		{CEA5BE08-CC11-441F-B685-0D551B9F2D36}.Release|Any CPU.ActiveCfg = Release|Any CPU
		{CEA5BE08-CC11-441F-B685-0D551B9F2D36}.Release|Any CPU.Build.0 = Release|Any CPU
		{962BBBEC-B12E-485D-82EC-E6FE304A8CAC}.Debug|Any CPU.ActiveCfg = Debug|Any CPU
		{962BBBEC-B12E-485D-82EC-E6FE304A8CAC}.Debug|Any CPU.Build.0 = Debug|Any CPU
		{962BBBEC-B12E-485D-82EC-E6FE304A8CAC}.Debug|Any CPU.Deploy.0 = Debug|Any CPU
		{962BBBEC-B12E-485D-82EC-E6FE304A8CAC}.Development|Any CPU.ActiveCfg = Debug|Any CPU
		{962BBBEC-B12E-485D-82EC-E6FE304A8CAC}.Development|Any CPU.Build.0 = Debug|Any CPU
		{962BBBEC-B12E-485D-82EC-E6FE304A8CAC}.Development|Any CPU.Deploy.0 = Debug|Any CPU
		{962BBBEC-B12E-485D-82EC-E6FE304A8CAC}.Release|Any CPU.ActiveCfg = Release|Any CPU
		{962BBBEC-B12E-485D-82EC-E6FE304A8CAC}.Release|Any CPU.Build.0 = Release|Any CPU
		{962BBBEC-B12E-485D-82EC-E6FE304A8CAC}.Release|Any CPU.Deploy.0 = Release|Any CPU
		{3534CA31-11BA-47DB-B8D5-D53D05349C45}.Debug|Any CPU.ActiveCfg = Debug|Any CPU
		{3534CA31-11BA-47DB-B8D5-D53D05349C45}.Debug|Any CPU.Build.0 = Debug|Any CPU
		{3534CA31-11BA-47DB-B8D5-D53D05349C45}.Development|Any CPU.ActiveCfg = Debug|Any CPU
		{3534CA31-11BA-47DB-B8D5-D53D05349C45}.Development|Any CPU.Build.0 = Debug|Any CPU
		{3534CA31-11BA-47DB-B8D5-D53D05349C45}.Release|Any CPU.ActiveCfg = Release|Any CPU
		{3534CA31-11BA-47DB-B8D5-D53D05349C45}.Release|Any CPU.Build.0 = Release|Any CPU
		{B1816EB8-29A9-41A6-9A28-8BCAD90E7703}.Debug|Any CPU.ActiveCfg = Debug|Any CPU
		{B1816EB8-29A9-41A6-9A28-8BCAD90E7703}.Debug|Any CPU.Build.0 = Debug|Any CPU
		{B1816EB8-29A9-41A6-9A28-8BCAD90E7703}.Development|Any CPU.ActiveCfg = Debug|Any CPU
		{B1816EB8-29A9-41A6-9A28-8BCAD90E7703}.Development|Any CPU.Build.0 = Debug|Any CPU
		{B1816EB8-29A9-41A6-9A28-8BCAD90E7703}.Release|Any CPU.ActiveCfg = Release|Any CPU
		{B1816EB8-29A9-41A6-9A28-8BCAD90E7703}.Release|Any CPU.Build.0 = Release|Any CPU
	EndGlobalSection
	GlobalSection(SolutionProperties) = preSolution
		HideSolutionNode = FALSE
	EndGlobalSection
	GlobalSection(ExtensibilityGlobals) = postSolution
		SolutionGuid = {9444A06E-53FA-4910-87E9-26022577A707}
	EndGlobalSection
EndGlobal
